{
  "version": 4,
  "terraform_version": "1.6.6",
  "serial": 767,
  "lineage": "9ff8140c-54a2-c5f3-7b32-c3d46480a773",
  "outputs": {},
  "resources": [
    {
      "mode": "data",
      "type": "aws_availability_zones",
      "name": "available",
      "provider": "provider[\"registry.terraform.io/hashicorp/aws\"]",
      "instances": [
        {
          "schema_version": 0,
          "attributes": {
            "all_availability_zones": null,
            "exclude_names": null,
            "exclude_zone_ids": null,
            "filter": null,
            "group_names": [
              "eu-west-2"
            ],
            "id": "eu-west-2",
            "names": [
              "eu-west-2a",
              "eu-west-2b",
              "eu-west-2c"
            ],
            "state": "available",
            "timeouts": null,
            "zone_ids": [
              "euw2-az2",
              "euw2-az3",
              "euw2-az1"
            ]
          },
          "sensitive_attributes": []
        }
      ]
    },
    {
      "mode": "managed",
      "type": "aws_internet_gateway",
      "name": "sherlihy_dot_com",
      "provider": "provider[\"registry.terraform.io/hashicorp/aws\"]",
      "instances": [
        {
          "schema_version": 0,
          "attributes": {
            "arn": "arn:aws:ec2:eu-west-2:111644099040:internet-gateway/igw-03af5ba66da374128",
            "id": "igw-03af5ba66da374128",
            "owner_id": "111644099040",
            "tags": {
              "env": "production",
              "project": "sherlihyDotCom"
            },
            "tags_all": {
              "env": "production",
              "project": "sherlihyDotCom"
            },
            "timeouts": null,
            "vpc_id": "vpc-041b3384ce1f7f648"
          },
          "sensitive_attributes": [],
          "private": "eyJlMmJmYjczMC1lY2FhLTExZTYtOGY4OC0zNDM2M2JjN2M0YzAiOnsiY3JlYXRlIjoxMjAwMDAwMDAwMDAwLCJkZWxldGUiOjEyMDAwMDAwMDAwMDAsInVwZGF0ZSI6MTIwMDAwMDAwMDAwMH19",
          "dependencies": [
            "aws_vpc.sherlihy_dot_com"
          ]
        }
      ]
    },
    {
      "mode": "managed",
      "type": "aws_key_pair",
      "name": "sherlihyDotCom_instance",
      "provider": "provider[\"registry.terraform.io/hashicorp/aws\"]",
      "instances": [
        {
          "schema_version": 1,
          "attributes": {
            "arn": "arn:aws:ec2:eu-west-2:111644099040:key-pair/sherlihyDotCom-instance",
            "fingerprint": "17:09:d8:dd:a6:fc:28:0a:ae:5b:f9:78:21:f8:85:59",
            "id": "sherlihyDotCom-instance",
            "key_name": "sherlihyDotCom-instance",
            "key_name_prefix": "",
            "key_pair_id": "key-043985371bfdcb298",
            "key_type": "rsa",
            "public_key": "ssh-rsa AAAAB3NzaC1yc2EAAAADAQABAAABgQCTsljiIxp/tfhW0jV+pWkZ7JKJ0847dbHKOOGPh6QeujFGpVUPhFgzHGLHKDipDo/WVjj34zX7+vLLAfrrwXVHV2jy4gMkbrSPiEJxCC+HmQgXktiLHMhCHIjplyLwl8b5BUfokiywnxK/2Esep5vcIpY82OBp/Z1FSBSXcz65aqZYBh+YA2/wuk6PpamTyliYwqQ3ZXnp9cRRdbE5EC1lYOopsftFla47vpbCSGGQcWFAbk/hQizBASBHCLDaB9JKkZiGdUriH0yXrYbf5qUrc+H9+lqYiS8hsGknwkeKnA1cxd9Uz64aQJKEzO3TS85mPDUjRF3k0wF4ugiPZQfvpRUevrC9nRhs70uveWYF6yW9lyvpjGzqU0en6MZIYj2GMEg/VzaANWibb3UMOsO4BQYmEGC01wawW26jp/6VkfUHxDvsfdxXdqOAgLR/Uwwz2Dl/eLQGpYxUQjErOatGpiATr4vYW/IkVwa4PP4deybAEPVHoqv6pefQzi+b6d8= runner@fv-az984-80",
            "tags": {
              "env": "production",
              "project": "sherlihyDotCom"
            },
            "tags_all": {
              "env": "production",
              "project": "sherlihyDotCom"
            }
          },
          "sensitive_attributes": [],
          "private": "eyJzY2hlbWFfdmVyc2lvbiI6IjEifQ=="
        }
      ]
    },
    {
      "mode": "managed",
      "type": "aws_route",
      "name": "inet_gw",
      "provider": "provider[\"registry.terraform.io/hashicorp/aws\"]",
      "instances": [
        {
          "schema_version": 0,
          "attributes": {
            "carrier_gateway_id": "",
            "core_network_arn": "",
            "destination_cidr_block": "0.0.0.0/0",
            "destination_ipv6_cidr_block": "",
            "destination_prefix_list_id": "",
            "egress_only_gateway_id": "",
            "gateway_id": "igw-03af5ba66da374128",
            "id": "r-rtb-0e2eb6dcf609bd54d1080289494",
            "instance_id": "",
            "instance_owner_id": "",
            "local_gateway_id": "",
            "nat_gateway_id": "",
            "network_interface_id": "",
            "origin": "CreateRoute",
            "route_table_id": "rtb-0e2eb6dcf609bd54d",
            "state": "active",
            "timeouts": null,
            "transit_gateway_id": "",
            "vpc_endpoint_id": "",
            "vpc_peering_connection_id": ""
          },
          "sensitive_attributes": [],
          "private": "eyJlMmJmYjczMC1lY2FhLTExZTYtOGY4OC0zNDM2M2JjN2M0YzAiOnsiY3JlYXRlIjozMDAwMDAwMDAwMDAsImRlbGV0ZSI6MzAwMDAwMDAwMDAwLCJ1cGRhdGUiOjEyMDAwMDAwMDAwMH19",
          "dependencies": [
            "aws_internet_gateway.sherlihy_dot_com",
            "aws_route_table.inet_gw-publics",
            "aws_vpc.sherlihy_dot_com"
          ]
        }
      ]
    },
    {
      "mode": "managed",
      "type": "aws_route53_record",
      "name": "sherlihy_dot_com",
      "provider": "provider[\"registry.terraform.io/hashicorp/aws\"]",
      "instances": [
        {
          "schema_version": 2,
          "attributes": {
            "alias": [
              {
                "evaluate_target_health": true,
                "name": "sherlihydotcom-lb-1325248670.eu-west-2.elb.amazonaws.com",
                "zone_id": "ZHURV8PSTC4K8"
              }
            ],
            "allow_overwrite": null,
            "cidr_routing_policy": [],
            "failover_routing_policy": [],
            "fqdn": "sherlihy.com",
            "geolocation_routing_policy": [],
            "health_check_id": "",
            "id": "Z09539123CCAIUM1ZW6P4_sherlihy.com_A",
            "latency_routing_policy": [],
            "multivalue_answer_routing_policy": false,
            "name": "sherlihy.com",
            "records": null,
            "set_identifier": "",
            "ttl": 0,
            "type": "A",
            "weighted_routing_policy": [],
            "zone_id": "Z09539123CCAIUM1ZW6P4"
          },
          "sensitive_attributes": [],
          "private": "eyJzY2hlbWFfdmVyc2lvbiI6IjIifQ==",
          "dependencies": [
            "aws_subnet.publics",
            "aws_vpc.sherlihy_dot_com",
            "data.aws_availability_zones.available",
            "module.lb_tls_proxy.aws_lb.inet-server",
            "module.lb_tls_proxy.aws_security_group.inet_access"
          ]
        }
      ]
    },
    {
      "mode": "managed",
      "type": "aws_route_table",
      "name": "inet_gw-publics",
      "provider": "provider[\"registry.terraform.io/hashicorp/aws\"]",
      "instances": [
        {
          "schema_version": 0,
          "attributes": {
            "arn": "arn:aws:ec2:eu-west-2:111644099040:route-table/rtb-0e2eb6dcf609bd54d",
            "id": "rtb-0e2eb6dcf609bd54d",
            "owner_id": "111644099040",
            "propagating_vgws": [],
            "route": [],
            "tags": {
              "env": "production",
              "project": "sherlihyDotCom"
            },
            "tags_all": {
              "env": "production",
              "project": "sherlihyDotCom"
            },
            "timeouts": null,
            "vpc_id": "vpc-041b3384ce1f7f648"
          },
          "sensitive_attributes": [],
          "private": "eyJlMmJmYjczMC1lY2FhLTExZTYtOGY4OC0zNDM2M2JjN2M0YzAiOnsiY3JlYXRlIjozMDAwMDAwMDAwMDAsImRlbGV0ZSI6MzAwMDAwMDAwMDAwLCJ1cGRhdGUiOjEyMDAwMDAwMDAwMH19",
          "dependencies": [
            "aws_vpc.sherlihy_dot_com"
          ]
        }
      ]
    },
    {
      "mode": "managed",
      "type": "aws_route_table_association",
      "name": "inet_gw-publics",
      "provider": "provider[\"registry.terraform.io/hashicorp/aws\"]",
      "instances": [
        {
          "index_key": 0,
          "schema_version": 0,
          "attributes": {
            "gateway_id": "",
            "id": "rtbassoc-05f0040db21ad1e6f",
            "route_table_id": "rtb-0e2eb6dcf609bd54d",
            "subnet_id": "subnet-05ff94d1aaf59c50c",
            "timeouts": null
          },
          "sensitive_attributes": [],
          "private": "eyJlMmJmYjczMC1lY2FhLTExZTYtOGY4OC0zNDM2M2JjN2M0YzAiOnsiY3JlYXRlIjozMDAwMDAwMDAwMDAsImRlbGV0ZSI6MzAwMDAwMDAwMDAwLCJ1cGRhdGUiOjEyMDAwMDAwMDAwMH19",
          "dependencies": [
            "aws_route_table.inet_gw-publics",
            "aws_subnet.publics",
            "aws_vpc.sherlihy_dot_com",
            "data.aws_availability_zones.available"
          ]
        },
        {
          "index_key": 1,
          "schema_version": 0,
          "attributes": {
            "gateway_id": "",
            "id": "rtbassoc-0f8c0f23cd6f2e5be",
            "route_table_id": "rtb-0e2eb6dcf609bd54d",
            "subnet_id": "subnet-08b051ff0243f0aec",
            "timeouts": null
          },
          "sensitive_attributes": [],
          "private": "eyJlMmJmYjczMC1lY2FhLTExZTYtOGY4OC0zNDM2M2JjN2M0YzAiOnsiY3JlYXRlIjozMDAwMDAwMDAwMDAsImRlbGV0ZSI6MzAwMDAwMDAwMDAwLCJ1cGRhdGUiOjEyMDAwMDAwMDAwMH19",
          "dependencies": [
            "aws_route_table.inet_gw-publics",
            "aws_subnet.publics",
            "aws_vpc.sherlihy_dot_com",
            "data.aws_availability_zones.available"
          ]
        }
      ]
    },
    {
      "mode": "managed",
      "type": "aws_subnet",
      "name": "publics",
      "provider": "provider[\"registry.terraform.io/hashicorp/aws\"]",
      "instances": [
        {
          "index_key": 0,
          "schema_version": 1,
          "attributes": {
            "arn": "arn:aws:ec2:eu-west-2:111644099040:subnet/subnet-05ff94d1aaf59c50c",
            "assign_ipv6_address_on_creation": false,
            "availability_zone": "eu-west-2a",
            "availability_zone_id": "euw2-az2",
            "cidr_block": "10.0.1.0/24",
            "customer_owned_ipv4_pool": "",
            "enable_dns64": false,
            "enable_lni_at_device_index": 0,
            "enable_resource_name_dns_a_record_on_launch": false,
            "enable_resource_name_dns_aaaa_record_on_launch": false,
            "id": "subnet-05ff94d1aaf59c50c",
            "ipv6_cidr_block": "",
            "ipv6_cidr_block_association_id": "",
            "ipv6_native": false,
            "map_customer_owned_ip_on_launch": false,
            "map_public_ip_on_launch": false,
            "outpost_arn": "",
            "owner_id": "111644099040",
            "private_dns_hostname_type_on_launch": "ip-name",
            "tags": {
              "env": "production",
              "project": "sherlihyDotCom"
            },
            "tags_all": {
              "env": "production",
              "project": "sherlihyDotCom"
            },
            "timeouts": null,
            "vpc_id": "vpc-041b3384ce1f7f648"
          },
          "sensitive_attributes": [],
          "private": "eyJlMmJmYjczMC1lY2FhLTExZTYtOGY4OC0zNDM2M2JjN2M0YzAiOnsiY3JlYXRlIjo2MDAwMDAwMDAwMDAsImRlbGV0ZSI6MTIwMDAwMDAwMDAwMH0sInNjaGVtYV92ZXJzaW9uIjoiMSJ9",
          "dependencies": [
            "aws_vpc.sherlihy_dot_com",
            "data.aws_availability_zones.available"
          ]
        },
        {
          "index_key": 1,
          "schema_version": 1,
          "attributes": {
            "arn": "arn:aws:ec2:eu-west-2:111644099040:subnet/subnet-08b051ff0243f0aec",
            "assign_ipv6_address_on_creation": false,
            "availability_zone": "eu-west-2b",
            "availability_zone_id": "euw2-az3",
            "cidr_block": "10.0.2.0/24",
            "customer_owned_ipv4_pool": "",
            "enable_dns64": false,
            "enable_lni_at_device_index": 0,
            "enable_resource_name_dns_a_record_on_launch": false,
            "enable_resource_name_dns_aaaa_record_on_launch": false,
            "id": "subnet-08b051ff0243f0aec",
            "ipv6_cidr_block": "",
            "ipv6_cidr_block_association_id": "",
            "ipv6_native": false,
            "map_customer_owned_ip_on_launch": false,
            "map_public_ip_on_launch": false,
            "outpost_arn": "",
            "owner_id": "111644099040",
            "private_dns_hostname_type_on_launch": "ip-name",
            "tags": {
              "env": "production",
              "project": "sherlihyDotCom"
            },
            "tags_all": {
              "env": "production",
              "project": "sherlihyDotCom"
            },
            "timeouts": null,
            "vpc_id": "vpc-041b3384ce1f7f648"
          },
          "sensitive_attributes": [],
          "private": "eyJlMmJmYjczMC1lY2FhLTExZTYtOGY4OC0zNDM2M2JjN2M0YzAiOnsiY3JlYXRlIjo2MDAwMDAwMDAwMDAsImRlbGV0ZSI6MTIwMDAwMDAwMDAwMH0sInNjaGVtYV92ZXJzaW9uIjoiMSJ9",
          "dependencies": [
            "aws_vpc.sherlihy_dot_com",
            "data.aws_availability_zones.available"
          ]
        }
      ]
    },
    {
      "mode": "managed",
      "type": "aws_vpc",
      "name": "sherlihy_dot_com",
      "provider": "provider[\"registry.terraform.io/hashicorp/aws\"]",
      "instances": [
        {
          "schema_version": 1,
          "attributes": {
            "arn": "arn:aws:ec2:eu-west-2:111644099040:vpc/vpc-041b3384ce1f7f648",
            "assign_generated_ipv6_cidr_block": false,
            "cidr_block": "10.0.0.0/16",
            "default_network_acl_id": "acl-0ade21fae4da244c4",
            "default_route_table_id": "rtb-07cbae7a78a69fddc",
            "default_security_group_id": "sg-0ae31149cb083edeb",
            "dhcp_options_id": "dopt-0bd797b99b4ae1991",
            "enable_classiclink": false,
            "enable_classiclink_dns_support": false,
            "enable_dns_hostnames": false,
            "enable_dns_support": true,
            "enable_network_address_usage_metrics": false,
            "id": "vpc-041b3384ce1f7f648",
            "instance_tenancy": "default",
            "ipv4_ipam_pool_id": null,
            "ipv4_netmask_length": null,
            "ipv6_association_id": "",
            "ipv6_cidr_block": "",
            "ipv6_cidr_block_network_border_group": "",
            "ipv6_ipam_pool_id": "",
            "ipv6_netmask_length": 0,
            "main_route_table_id": "rtb-07cbae7a78a69fddc",
            "owner_id": "111644099040",
            "tags": {
              "env": "production",
              "project": "sherlihyDotCom"
            },
            "tags_all": {
              "env": "production",
              "project": "sherlihyDotCom"
            }
          },
          "sensitive_attributes": [],
          "private": "eyJzY2hlbWFfdmVyc2lvbiI6IjEifQ=="
        }
      ]
    },
    {
      "module": "module.lb_tls_proxy",
      "mode": "managed",
      "type": "aws_lb",
      "name": "inet-server",
      "provider": "provider[\"registry.terraform.io/hashicorp/aws\"]",
      "instances": [
        {
          "schema_version": 0,
          "attributes": {
            "access_logs": [
              {
                "bucket": "",
                "enabled": false,
                "prefix": ""
              }
            ],
            "arn": "arn:aws:elasticloadbalancing:eu-west-2:111644099040:loadbalancer/app/sherlihyDotCom-lb/9c8d6dd0560d4376",
            "arn_suffix": "app/sherlihyDotCom-lb/9c8d6dd0560d4376",
            "customer_owned_ipv4_pool": "",
            "desync_mitigation_mode": "defensive",
            "dns_name": "sherlihyDotCom-lb-1325248670.eu-west-2.elb.amazonaws.com",
            "drop_invalid_header_fields": false,
            "enable_cross_zone_load_balancing": true,
            "enable_deletion_protection": false,
            "enable_http2": true,
            "enable_tls_version_and_cipher_suite_headers": false,
            "enable_waf_fail_open": false,
            "enable_xff_client_port": false,
            "id": "arn:aws:elasticloadbalancing:eu-west-2:111644099040:loadbalancer/app/sherlihyDotCom-lb/9c8d6dd0560d4376",
            "idle_timeout": 60,
            "internal": false,
            "ip_address_type": "ipv4",
            "load_balancer_type": "application",
            "name": "sherlihyDotCom-lb",
            "name_prefix": null,
            "preserve_host_header": false,
            "security_groups": [
              "sg-06ceabc98e8df42cc"
            ],
            "subnet_mapping": [
              {
                "allocation_id": "",
                "ipv6_address": "",
                "outpost_id": "",
                "private_ipv4_address": "",
                "subnet_id": "subnet-05ff94d1aaf59c50c"
              },
              {
                "allocation_id": "",
                "ipv6_address": "",
                "outpost_id": "",
                "private_ipv4_address": "",
                "subnet_id": "subnet-08b051ff0243f0aec"
              }
            ],
            "subnets": [
              "subnet-05ff94d1aaf59c50c",
              "subnet-08b051ff0243f0aec"
            ],
            "tags": {
              "env": "production",
              "project": "sherlihyDotCom"
            },
            "tags_all": {
              "env": "production",
              "project": "sherlihyDotCom"
            },
            "timeouts": null,
            "vpc_id": "vpc-041b3384ce1f7f648",
            "xff_header_processing_mode": "append",
            "zone_id": "ZHURV8PSTC4K8"
          },
          "sensitive_attributes": [],
          "private": "eyJlMmJmYjczMC1lY2FhLTExZTYtOGY4OC0zNDM2M2JjN2M0YzAiOnsiY3JlYXRlIjo2MDAwMDAwMDAwMDAsImRlbGV0ZSI6NjAwMDAwMDAwMDAwLCJ1cGRhdGUiOjYwMDAwMDAwMDAwMH19",
          "dependencies": [
            "aws_subnet.publics",
            "aws_vpc.sherlihy_dot_com",
            "data.aws_availability_zones.available",
            "module.lb_tls_proxy.aws_security_group.inet_access"
          ]
        }
      ]
    },
    {
      "module": "module.lb_tls_proxy",
      "mode": "managed",
      "type": "aws_lb_listener",
      "name": "front_end",
      "provider": "provider[\"registry.terraform.io/hashicorp/aws\"]",
      "instances": [
        {
          "schema_version": 0,
          "attributes": {
            "alpn_policy": null,
            "arn": "arn:aws:elasticloadbalancing:eu-west-2:111644099040:listener/app/sherlihyDotCom-lb/9c8d6dd0560d4376/d8a5e4ba325702e3",
            "certificate_arn": "arn:aws:acm:eu-west-2:111644099040:certificate/180c3701-3923-4407-9613-9d9a04d1dca9",
            "default_action": [
              {
                "authenticate_cognito": [],
                "authenticate_oidc": [],
                "fixed_response": [],
                "forward": [],
                "order": 1,
                "redirect": [],
                "target_group_arn": "arn:aws:elasticloadbalancing:eu-west-2:111644099040:targetgroup/sherlihyDotCom-server/893fa64c45cbd2fa",
                "type": "forward"
              }
            ],
            "id": "arn:aws:elasticloadbalancing:eu-west-2:111644099040:listener/app/sherlihyDotCom-lb/9c8d6dd0560d4376/d8a5e4ba325702e3",
            "load_balancer_arn": "arn:aws:elasticloadbalancing:eu-west-2:111644099040:loadbalancer/app/sherlihyDotCom-lb/9c8d6dd0560d4376",
            "port": 443,
            "protocol": "HTTPS",
            "ssl_policy": "ELBSecurityPolicy-TLS13-1-2-2021-06",
            "tags": {
              "env": "production",
              "project": "sherlihyDotCom"
            },
            "tags_all": {
              "env": "production",
              "project": "sherlihyDotCom"
            },
            "timeouts": null
          },
          "sensitive_attributes": [],
          "private": "eyJlMmJmYjczMC1lY2FhLTExZTYtOGY4OC0zNDM2M2JjN2M0YzAiOnsicmVhZCI6NjAwMDAwMDAwMDAwfX0=",
          "dependencies": [
            "aws_subnet.publics",
            "aws_vpc.sherlihy_dot_com",
            "data.aws_availability_zones.available",
            "module.lb_tls_proxy.aws_lb.inet-server",
            "module.lb_tls_proxy.aws_lb_target_group.sherlihy_dot_com-server",
            "module.lb_tls_proxy.aws_security_group.inet_access"
          ]
        }
      ]
    },
    {
      "module": "module.lb_tls_proxy",
      "mode": "managed",
      "type": "aws_lb_target_group",
      "name": "sherlihy_dot_com-server",
      "provider": "provider[\"registry.terraform.io/hashicorp/aws\"]",
      "instances": [
        {
          "schema_version": 0,
          "attributes": {
            "arn": "arn:aws:elasticloadbalancing:eu-west-2:111644099040:targetgroup/sherlihyDotCom-server/893fa64c45cbd2fa",
            "arn_suffix": "targetgroup/sherlihyDotCom-server/893fa64c45cbd2fa",
            "connection_termination": false,
            "deregistration_delay": "300",
            "health_check": [
              {
                "enabled": true,
                "healthy_threshold": 5,
                "interval": 30,
                "matcher": "200",
                "path": "/",
                "port": "traffic-port",
                "protocol": "HTTP",
                "timeout": 5,
                "unhealthy_threshold": 2
              }
            ],
            "id": "arn:aws:elasticloadbalancing:eu-west-2:111644099040:targetgroup/sherlihyDotCom-server/893fa64c45cbd2fa",
            "ip_address_type": "ipv4",
            "lambda_multi_value_headers_enabled": false,
            "load_balancing_algorithm_type": "round_robin",
            "load_balancing_cross_zone_enabled": "use_load_balancer_configuration",
            "name": "sherlihyDotCom-server",
            "name_prefix": null,
            "port": 80,
            "preserve_client_ip": null,
            "protocol": "HTTP",
            "protocol_version": "HTTP1",
            "proxy_protocol_v2": false,
            "slow_start": 0,
            "stickiness": [
              {
                "cookie_duration": 86400,
                "cookie_name": "",
                "enabled": false,
                "type": "lb_cookie"
              }
            ],
            "tags": {
              "env": "production",
              "project": "sherlihyDotCom"
            },
            "tags_all": {
              "env": "production",
              "project": "sherlihyDotCom"
            },
            "target_failover": [
              {
                "on_deregistration": null,
                "on_unhealthy": null
              }
            ],
            "target_type": "instance",
            "vpc_id": "vpc-041b3384ce1f7f648"
          },
          "sensitive_attributes": [],
          "private": "bnVsbA==",
          "dependencies": [
            "aws_vpc.sherlihy_dot_com"
          ]
        }
      ]
    },
    {
      "module": "module.lb_tls_proxy",
      "mode": "managed",
      "type": "aws_lb_target_group_attachment",
      "name": "server",
      "provider": "provider[\"registry.terraform.io/hashicorp/aws\"]",
      "instances": [
        {
          "index_key": 0,
          "schema_version": 0,
          "attributes": {
            "availability_zone": null,
            "id": "arn:aws:elasticloadbalancing:eu-west-2:111644099040:targetgroup/sherlihyDotCom-server/893fa64c45cbd2fa-20231231022325272500000003",
            "port": 80,
            "target_group_arn": "arn:aws:elasticloadbalancing:eu-west-2:111644099040:targetgroup/sherlihyDotCom-server/893fa64c45cbd2fa",
            "target_id": "i-05896713c4c1aefdb"
          },
          "sensitive_attributes": [],
          "private": "bnVsbA==",
          "dependencies": [
            "aws_key_pair.sherlihyDotCom_instance",
            "aws_subnet.publics",
            "aws_vpc.sherlihy_dot_com",
            "data.aws_availability_zones.available",
            "module.lb_tls_proxy.aws_lb_target_group.sherlihy_dot_com-server",
            "module.web_server_instance.aws_instance.sherlihyDotCom_instance",
            "module.web_server_instance.aws_security_group.sherlihyDotCom_instance",
            "module.web_server_instance.aws_security_group_rule.egress_all_ports",
            "module.web_server_instance.aws_security_group_rule.ingress_port_list",
            "module.web_server_instance.data.aws_ami.sherlihy_dot_com"
          ]
        },
        {
          "index_key": 1,
          "schema_version": 0,
          "attributes": {
            "availability_zone": null,
            "id": "arn:aws:elasticloadbalancing:eu-west-2:111644099040:targetgroup/sherlihyDotCom-server/893fa64c45cbd2fa-20231231022325516000000004",
            "port": 80,
            "target_group_arn": "arn:aws:elasticloadbalancing:eu-west-2:111644099040:targetgroup/sherlihyDotCom-server/893fa64c45cbd2fa",
            "target_id": "i-0159c5e3875e8f24b"
          },
          "sensitive_attributes": [],
          "private": "bnVsbA==",
          "dependencies": [
            "aws_key_pair.sherlihyDotCom_instance",
            "aws_subnet.publics",
            "aws_vpc.sherlihy_dot_com",
            "data.aws_availability_zones.available",
            "module.lb_tls_proxy.aws_lb_target_group.sherlihy_dot_com-server",
            "module.web_server_instance.aws_instance.sherlihyDotCom_instance",
            "module.web_server_instance.aws_security_group.sherlihyDotCom_instance",
            "module.web_server_instance.aws_security_group_rule.egress_all_ports",
            "module.web_server_instance.aws_security_group_rule.ingress_port_list",
            "module.web_server_instance.data.aws_ami.sherlihy_dot_com"
          ]
        }
      ]
    },
    {
      "module": "module.lb_tls_proxy",
      "mode": "managed",
      "type": "aws_security_group",
      "name": "inet_access",
      "provider": "provider[\"registry.terraform.io/hashicorp/aws\"]",
      "instances": [
        {
          "schema_version": 1,
          "attributes": {
            "arn": "arn:aws:ec2:eu-west-2:111644099040:security-group/sg-06ceabc98e8df42cc",
            "description": "Managed by Terraform",
            "egress": [],
            "id": "sg-06ceabc98e8df42cc",
            "ingress": [],
            "name": "inetAccess",
            "name_prefix": "",
            "owner_id": "111644099040",
            "revoke_rules_on_delete": false,
            "tags": {
              "env": "production",
              "project": "sherlihyDotCom"
            },
            "tags_all": {
              "env": "production",
              "project": "sherlihyDotCom"
            },
            "timeouts": null,
            "vpc_id": "vpc-041b3384ce1f7f648"
          },
          "sensitive_attributes": [],
          "private": "eyJlMmJmYjczMC1lY2FhLTExZTYtOGY4OC0zNDM2M2JjN2M0YzAiOnsiY3JlYXRlIjo2MDAwMDAwMDAwMDAsImRlbGV0ZSI6OTAwMDAwMDAwMDAwfSwic2NoZW1hX3ZlcnNpb24iOiIxIn0=",
          "dependencies": [
            "aws_vpc.sherlihy_dot_com"
          ]
        }
      ]
    },
    {
      "module": "module.lb_tls_proxy",
      "mode": "managed",
      "type": "aws_security_group_rule",
      "name": "inet_egress",
      "provider": "provider[\"registry.terraform.io/hashicorp/aws\"]",
      "instances": [
        {
          "schema_version": 2,
          "attributes": {
            "cidr_blocks": [
              "0.0.0.0/0"
            ],
            "description": null,
            "from_port": 0,
            "id": "sgrule-2679213092",
            "ipv6_cidr_blocks": null,
            "prefix_list_ids": null,
            "protocol": "-1",
            "security_group_id": "sg-06ceabc98e8df42cc",
            "security_group_rule_id": "sgr-0f5c38fa84f6eba11",
            "self": false,
            "source_security_group_id": null,
            "timeouts": null,
            "to_port": 0,
            "type": "egress"
          },
          "sensitive_attributes": [],
          "private": "eyJlMmJmYjczMC1lY2FhLTExZTYtOGY4OC0zNDM2M2JjN2M0YzAiOnsiY3JlYXRlIjozMDAwMDAwMDAwMDB9LCJzY2hlbWFfdmVyc2lvbiI6IjIifQ==",
          "dependencies": [
            "aws_vpc.sherlihy_dot_com",
            "module.lb_tls_proxy.aws_security_group.inet_access"
          ]
        }
      ]
    },
    {
      "module": "module.lb_tls_proxy",
      "mode": "managed",
      "type": "aws_security_group_rule",
      "name": "inet_ingress_https",
      "provider": "provider[\"registry.terraform.io/hashicorp/aws\"]",
      "instances": [
        {
          "index_key": 0,
          "schema_version": 2,
          "attributes": {
            "cidr_blocks": [
              "0.0.0.0/0"
            ],
            "description": null,
            "from_port": 80,
            "id": "sgrule-1267324928",
            "ipv6_cidr_blocks": null,
            "prefix_list_ids": null,
            "protocol": "tcp",
            "security_group_id": "sg-06ceabc98e8df42cc",
            "security_group_rule_id": "sgr-06978cc862467ff58",
            "self": false,
            "source_security_group_id": null,
            "timeouts": null,
            "to_port": 80,
            "type": "ingress"
          },
          "sensitive_attributes": [],
          "private": "eyJlMmJmYjczMC1lY2FhLTExZTYtOGY4OC0zNDM2M2JjN2M0YzAiOnsiY3JlYXRlIjozMDAwMDAwMDAwMDB9LCJzY2hlbWFfdmVyc2lvbiI6IjIifQ==",
          "dependencies": [
            "aws_vpc.sherlihy_dot_com",
            "module.lb_tls_proxy.aws_security_group.inet_access"
          ]
        },
        {
          "index_key": 1,
          "schema_version": 2,
          "attributes": {
            "cidr_blocks": [
              "0.0.0.0/0"
            ],
            "description": null,
            "from_port": 443,
            "id": "sgrule-774599581",
            "ipv6_cidr_blocks": null,
            "prefix_list_ids": null,
            "protocol": "tcp",
            "security_group_id": "sg-06ceabc98e8df42cc",
            "security_group_rule_id": "sgr-037b184a107f317fa",
            "self": false,
            "source_security_group_id": null,
            "timeouts": null,
            "to_port": 443,
            "type": "ingress"
          },
          "sensitive_attributes": [],
          "private": "eyJlMmJmYjczMC1lY2FhLTExZTYtOGY4OC0zNDM2M2JjN2M0YzAiOnsiY3JlYXRlIjozMDAwMDAwMDAwMDB9LCJzY2hlbWFfdmVyc2lvbiI6IjIifQ==",
          "dependencies": [
            "aws_vpc.sherlihy_dot_com",
            "module.lb_tls_proxy.aws_security_group.inet_access"
          ]
        }
      ]
    },
    {
      "module": "module.web_server_instance[0]",
      "mode": "data",
      "type": "aws_ami",
      "name": "sherlihy_dot_com",
      "provider": "provider[\"registry.terraform.io/hashicorp/aws\"]",
      "instances": [
        {
          "schema_version": 0,
          "attributes": {
            "architecture": "x86_64",
            "arn": "arn:aws:ec2:eu-west-2::image/ami-002468fa7fde4e287",
            "block_device_mappings": [
              {
                "device_name": "/dev/sda1",
                "ebs": {
                  "delete_on_termination": "true",
                  "encrypted": "false",
                  "iops": "0",
                  "snapshot_id": "snap-09d1c1436cddae744",
                  "throughput": "0",
                  "volume_size": "8",
                  "volume_type": "gp2"
                },
                "no_device": "",
                "virtual_name": ""
              },
              {
                "device_name": "/dev/sdb",
                "ebs": {},
                "no_device": "",
                "virtual_name": "ephemeral0"
              },
              {
                "device_name": "/dev/sdc",
                "ebs": {},
                "no_device": "",
                "virtual_name": "ephemeral1"
              }
            ],
            "boot_mode": "",
            "creation_date": "2023-12-31T02:20:43.000Z",
            "deprecation_time": "",
            "description": "",
            "ena_support": true,
            "executable_users": null,
            "filter": [
              {
                "name": "name",
                "values": [
                  "sherlihy-dot-com/*"
                ]
              }
            ],
            "hypervisor": "xen",
            "id": "ami-002468fa7fde4e287",
            "image_id": "ami-002468fa7fde4e287",
            "image_location": "111644099040/sherlihy-dot-com/20231231021912",
            "image_owner_alias": "",
            "image_type": "machine",
            "imds_support": "",
            "include_deprecated": false,
            "kernel_id": "",
            "most_recent": true,
            "name": "sherlihy-dot-com/20231231021912",
            "name_regex": null,
            "owner_id": "111644099040",
            "owners": [
              "111644099040"
            ],
            "platform": "",
            "platform_details": "Linux/UNIX",
            "product_codes": [],
            "public": false,
            "ramdisk_id": "",
            "root_device_name": "/dev/sda1",
            "root_device_type": "ebs",
            "root_snapshot_id": "snap-09d1c1436cddae744",
            "sriov_net_support": "simple",
            "state": "available",
            "state_reason": {
              "code": "UNSET",
              "message": "UNSET"
            },
            "tags": {},
            "timeouts": null,
            "tpm_support": "",
            "usage_operation": "RunInstances",
            "virtualization_type": "hvm"
          },
          "sensitive_attributes": []
        }
      ]
    },
    {
      "module": "module.web_server_instance[0]",
      "mode": "managed",
      "type": "aws_instance",
      "name": "sherlihyDotCom_instance",
      "provider": "provider[\"registry.terraform.io/hashicorp/aws\"]",
      "instances": [
        {
          "schema_version": 1,
          "attributes": {
            "ami": "ami-002468fa7fde4e287",
            "arn": "arn:aws:ec2:eu-west-2:111644099040:instance/i-05896713c4c1aefdb",
            "associate_public_ip_address": false,
            "availability_zone": "eu-west-2a",
            "capacity_reservation_specification": [
              {
                "capacity_reservation_preference": "open",
                "capacity_reservation_target": []
              }
            ],
            "cpu_core_count": 1,
            "cpu_options": [
              {
                "amd_sev_snp": "",
                "core_count": 1,
                "threads_per_core": 1
              }
            ],
            "cpu_threads_per_core": 1,
            "credit_specification": [
              {
                "cpu_credits": "standard"
              }
            ],
            "disable_api_stop": false,
            "disable_api_termination": false,
            "ebs_block_device": [],
            "ebs_optimized": false,
            "enclave_options": [
              {
                "enabled": false
              }
            ],
            "ephemeral_block_device": [],
            "get_password_data": false,
            "hibernation": false,
            "host_id": "",
            "host_resource_group_arn": null,
            "iam_instance_profile": "",
            "id": "i-05896713c4c1aefdb",
            "instance_initiated_shutdown_behavior": "stop",
            "instance_state": "running",
            "instance_type": "t2.micro",
            "ipv6_address_count": 0,
            "ipv6_addresses": [],
            "key_name": "",
            "launch_template": [],
            "maintenance_options": [
              {
                "auto_recovery": "default"
              }
            ],
            "metadata_options": [
              {
                "http_endpoint": "enabled",
                "http_put_response_hop_limit": 1,
                "http_tokens": "optional",
                "instance_metadata_tags": "disabled"
              }
            ],
            "monitoring": false,
            "network_interface": [],
            "outpost_arn": "",
            "password_data": "",
            "placement_group": "",
            "placement_partition_number": 0,
            "primary_network_interface_id": "eni-0d3608a5da95c5e42",
            "private_dns": "ip-10-0-1-150.eu-west-2.compute.internal",
            "private_dns_name_options": [
              {
                "enable_resource_name_dns_a_record": false,
                "enable_resource_name_dns_aaaa_record": false,
                "hostname_type": "ip-name"
              }
            ],
            "private_ip": "10.0.1.150",
            "public_dns": "",
            "public_ip": "",
            "root_block_device": [
              {
                "delete_on_termination": true,
                "device_name": "/dev/sda1",
                "encrypted": false,
                "iops": 100,
                "kms_key_id": "",
                "tags": {},
                "throughput": 0,
                "volume_id": "vol-095bddfb15729b0f2",
                "volume_size": 8,
                "volume_type": "gp2"
              }
            ],
            "secondary_private_ips": [],
            "security_groups": [],
            "source_dest_check": true,
            "subnet_id": "subnet-05ff94d1aaf59c50c",
            "tags": {
              "env": "production",
              "project": "sherlihyDotCom"
            },
            "tags_all": {
              "env": "production",
              "project": "sherlihyDotCom"
            },
            "tenancy": "default",
            "timeouts": null,
            "user_data": "73e6fcca78ecae0c70ca659812f651d3a7606da5",
            "user_data_base64": null,
            "user_data_replace_on_change": false,
            "volume_tags": null,
            "vpc_security_group_ids": [
              "sg-0ff60e6084b0ceccc"
            ]
          },
          "sensitive_attributes": [],
          "private": "eyJlMmJmYjczMC1lY2FhLTExZTYtOGY4OC0zNDM2M2JjN2M0YzAiOnsiY3JlYXRlIjo2MDAwMDAwMDAwMDAsImRlbGV0ZSI6MTIwMDAwMDAwMDAwMCwidXBkYXRlIjo2MDAwMDAwMDAwMDB9LCJzY2hlbWFfdmVyc2lvbiI6IjEifQ==",
          "dependencies": [
            "aws_subnet.publics",
            "aws_vpc.sherlihy_dot_com",
            "data.aws_availability_zones.available",
            "module.web_server_instance.aws_security_group.sherlihyDotCom_instance",
            "module.web_server_instance.data.aws_ami.sherlihy_dot_com"
          ]
        }
      ]
    },
    {
      "module": "module.web_server_instance[0]",
      "mode": "managed",
      "type": "aws_security_group",
      "name": "sherlihyDotCom_instance",
      "provider": "provider[\"registry.terraform.io/hashicorp/aws\"]",
      "instances": [
        {
          "schema_version": 1,
          "attributes": {
            "arn": "arn:aws:ec2:eu-west-2:111644099040:security-group/sg-0ff60e6084b0ceccc",
            "description": "Managed by Terraform",
            "egress": [],
            "id": "sg-0ff60e6084b0ceccc",
            "ingress": [],
            "name": "instance-sherlihyDotCom-subnet-05ff94d1aaf59c50c",
            "name_prefix": "",
            "owner_id": "111644099040",
            "revoke_rules_on_delete": false,
            "tags": {
              "env": "production",
              "project": "sherlihyDotCom"
            },
            "tags_all": {
              "env": "production",
              "project": "sherlihyDotCom"
            },
            "timeouts": null,
            "vpc_id": "vpc-041b3384ce1f7f648"
          },
          "sensitive_attributes": [],
          "private": "eyJlMmJmYjczMC1lY2FhLTExZTYtOGY4OC0zNDM2M2JjN2M0YzAiOnsiY3JlYXRlIjo2MDAwMDAwMDAwMDAsImRlbGV0ZSI6OTAwMDAwMDAwMDAwfSwic2NoZW1hX3ZlcnNpb24iOiIxIn0=",
          "dependencies": [
            "aws_subnet.publics",
            "aws_vpc.sherlihy_dot_com",
            "data.aws_availability_zones.available"
          ]
        }
      ]
    },
    {
      "module": "module.web_server_instance[0]",
      "mode": "managed",
      "type": "aws_security_group_rule",
      "name": "egress_all_ports",
      "provider": "provider[\"registry.terraform.io/hashicorp/aws\"]",
      "instances": [
        {
          "schema_version": 2,
          "attributes": {
            "cidr_blocks": [
              "0.0.0.0/0"
            ],
            "description": null,
            "from_port": 0,
            "id": "sgrule-2160034955",
            "ipv6_cidr_blocks": null,
            "prefix_list_ids": null,
            "protocol": "-1",
            "security_group_id": "sg-0ff60e6084b0ceccc",
            "security_group_rule_id": "sgr-0a979eb30d6ab9675",
            "self": false,
            "source_security_group_id": null,
            "timeouts": null,
            "to_port": 0,
            "type": "egress"
          },
          "sensitive_attributes": [],
          "private": "eyJlMmJmYjczMC1lY2FhLTExZTYtOGY4OC0zNDM2M2JjN2M0YzAiOnsiY3JlYXRlIjozMDAwMDAwMDAwMDB9LCJzY2hlbWFfdmVyc2lvbiI6IjIifQ==",
          "dependencies": [
            "aws_subnet.publics",
            "aws_vpc.sherlihy_dot_com",
            "data.aws_availability_zones.available",
            "module.web_server_instance.aws_security_group.sherlihyDotCom_instance"
          ]
        }
      ]
    },
    {
      "module": "module.web_server_instance[0]",
      "mode": "managed",
      "type": "aws_security_group_rule",
      "name": "ingress_port_list",
      "provider": "provider[\"registry.terraform.io/hashicorp/aws\"]",
      "instances": [
        {
          "index_key": 0,
          "schema_version": 2,
          "attributes": {
            "cidr_blocks": [
              "0.0.0.0/0"
            ],
            "description": null,
            "from_port": 80,
            "id": "sgrule-3551593060",
            "ipv6_cidr_blocks": null,
            "prefix_list_ids": null,
            "protocol": "tcp",
            "security_group_id": "sg-0ff60e6084b0ceccc",
            "security_group_rule_id": "sgr-0192d9f8bec231fdc",
            "self": false,
            "source_security_group_id": null,
            "timeouts": null,
            "to_port": 80,
            "type": "ingress"
          },
          "sensitive_attributes": [],
          "private": "eyJlMmJmYjczMC1lY2FhLTExZTYtOGY4OC0zNDM2M2JjN2M0YzAiOnsiY3JlYXRlIjozMDAwMDAwMDAwMDB9LCJzY2hlbWFfdmVyc2lvbiI6IjIifQ==",
          "dependencies": [
            "aws_subnet.publics",
            "aws_vpc.sherlihy_dot_com",
            "data.aws_availability_zones.available",
            "module.web_server_instance.aws_security_group.sherlihyDotCom_instance"
          ]
        },
        {
          "index_key": 1,
          "schema_version": 2,
          "attributes": {
            "cidr_blocks": [
              "0.0.0.0/0"
            ],
            "description": null,
            "from_port": 443,
            "id": "sgrule-1237089996",
            "ipv6_cidr_blocks": null,
            "prefix_list_ids": null,
            "protocol": "tcp",
            "security_group_id": "sg-0ff60e6084b0ceccc",
            "security_group_rule_id": "sgr-0efaa2260e8c1c690",
            "self": false,
            "source_security_group_id": null,
            "timeouts": null,
            "to_port": 443,
            "type": "ingress"
          },
          "sensitive_attributes": [],
          "private": "eyJlMmJmYjczMC1lY2FhLTExZTYtOGY4OC0zNDM2M2JjN2M0YzAiOnsiY3JlYXRlIjozMDAwMDAwMDAwMDB9LCJzY2hlbWFfdmVyc2lvbiI6IjIifQ==",
          "dependencies": [
            "aws_subnet.publics",
            "aws_vpc.sherlihy_dot_com",
            "data.aws_availability_zones.available",
            "module.web_server_instance.aws_security_group.sherlihyDotCom_instance"
          ]
        }
      ]
    },
    {
      "module": "module.web_server_instance[1]",
      "mode": "data",
      "type": "aws_ami",
      "name": "sherlihy_dot_com",
      "provider": "provider[\"registry.terraform.io/hashicorp/aws\"]",
      "instances": [
        {
          "schema_version": 0,
          "attributes": {
            "architecture": "x86_64",
            "arn": "arn:aws:ec2:eu-west-2::image/ami-002468fa7fde4e287",
            "block_device_mappings": [
              {
                "device_name": "/dev/sda1",
                "ebs": {
                  "delete_on_termination": "true",
                  "encrypted": "false",
                  "iops": "0",
                  "snapshot_id": "snap-09d1c1436cddae744",
                  "throughput": "0",
                  "volume_size": "8",
                  "volume_type": "gp2"
                },
                "no_device": "",
                "virtual_name": ""
              },
              {
                "device_name": "/dev/sdb",
                "ebs": {},
                "no_device": "",
                "virtual_name": "ephemeral0"
              },
              {
                "device_name": "/dev/sdc",
                "ebs": {},
                "no_device": "",
                "virtual_name": "ephemeral1"
              }
            ],
            "boot_mode": "",
            "creation_date": "2023-12-31T02:20:43.000Z",
            "deprecation_time": "",
            "description": "",
            "ena_support": true,
            "executable_users": null,
            "filter": [
              {
                "name": "name",
                "values": [
                  "sherlihy-dot-com/*"
                ]
              }
            ],
            "hypervisor": "xen",
            "id": "ami-002468fa7fde4e287",
            "image_id": "ami-002468fa7fde4e287",
            "image_location": "111644099040/sherlihy-dot-com/20231231021912",
            "image_owner_alias": "",
            "image_type": "machine",
            "imds_support": "",
            "include_deprecated": false,
            "kernel_id": "",
            "most_recent": true,
            "name": "sherlihy-dot-com/20231231021912",
            "name_regex": null,
            "owner_id": "111644099040",
            "owners": [
              "111644099040"
            ],
            "platform": "",
            "platform_details": "Linux/UNIX",
            "product_codes": [],
            "public": false,
            "ramdisk_id": "",
            "root_device_name": "/dev/sda1",
            "root_device_type": "ebs",
            "root_snapshot_id": "snap-09d1c1436cddae744",
            "sriov_net_support": "simple",
            "state": "available",
            "state_reason": {
              "code": "UNSET",
              "message": "UNSET"
            },
            "tags": {},
            "timeouts": null,
            "tpm_support": "",
            "usage_operation": "RunInstances",
            "virtualization_type": "hvm"
          },
          "sensitive_attributes": []
        }
      ]
    },
    {
      "module": "module.web_server_instance[1]",
      "mode": "managed",
      "type": "aws_instance",
      "name": "sherlihyDotCom_instance",
      "provider": "provider[\"registry.terraform.io/hashicorp/aws\"]",
      "instances": [
        {
          "schema_version": 1,
          "attributes": {
            "ami": "ami-002468fa7fde4e287",
            "arn": "arn:aws:ec2:eu-west-2:111644099040:instance/i-0159c5e3875e8f24b",
            "associate_public_ip_address": false,
            "availability_zone": "eu-west-2b",
            "capacity_reservation_specification": [
              {
                "capacity_reservation_preference": "open",
                "capacity_reservation_target": []
              }
            ],
            "cpu_core_count": 1,
            "cpu_options": [
              {
                "amd_sev_snp": "",
                "core_count": 1,
                "threads_per_core": 1
              }
            ],
            "cpu_threads_per_core": 1,
            "credit_specification": [
              {
                "cpu_credits": "standard"
              }
            ],
            "disable_api_stop": false,
            "disable_api_termination": false,
            "ebs_block_device": [],
            "ebs_optimized": false,
            "enclave_options": [
              {
                "enabled": false
              }
            ],
            "ephemeral_block_device": [],
            "get_password_data": false,
            "hibernation": false,
            "host_id": "",
            "host_resource_group_arn": null,
            "iam_instance_profile": "",
            "id": "i-0159c5e3875e8f24b",
            "instance_initiated_shutdown_behavior": "stop",
            "instance_state": "running",
            "instance_type": "t2.micro",
            "ipv6_address_count": 0,
            "ipv6_addresses": [],
            "key_name": "",
            "launch_template": [],
            "maintenance_options": [
              {
                "auto_recovery": "default"
              }
            ],
            "metadata_options": [
              {
                "http_endpoint": "enabled",
                "http_put_response_hop_limit": 1,
                "http_tokens": "optional",
                "instance_metadata_tags": "disabled"
              }
            ],
            "monitoring": false,
            "network_interface": [],
            "outpost_arn": "",
            "password_data": "",
            "placement_group": "",
            "placement_partition_number": 0,
            "primary_network_interface_id": "eni-0e0c5329b1e7a3588",
            "private_dns": "ip-10-0-2-126.eu-west-2.compute.internal",
            "private_dns_name_options": [
              {
                "enable_resource_name_dns_a_record": false,
                "enable_resource_name_dns_aaaa_record": false,
                "hostname_type": "ip-name"
              }
            ],
            "private_ip": "10.0.2.126",
            "public_dns": "",
            "public_ip": "",
            "root_block_device": [
              {
                "delete_on_termination": true,
                "device_name": "/dev/sda1",
                "encrypted": false,
                "iops": 100,
                "kms_key_id": "",
                "tags": {},
                "throughput": 0,
                "volume_id": "vol-0765ff11f09826dea",
                "volume_size": 8,
                "volume_type": "gp2"
              }
            ],
            "secondary_private_ips": [],
            "security_groups": [],
            "source_dest_check": true,
            "subnet_id": "subnet-08b051ff0243f0aec",
            "tags": {
              "env": "production",
              "project": "sherlihyDotCom"
            },
            "tags_all": {
              "env": "production",
              "project": "sherlihyDotCom"
            },
            "tenancy": "default",
            "timeouts": null,
            "user_data": "73e6fcca78ecae0c70ca659812f651d3a7606da5",
            "user_data_base64": null,
            "user_data_replace_on_change": false,
            "volume_tags": null,
            "vpc_security_group_ids": [
              "sg-055a092d978ded330"
            ]
          },
          "sensitive_attributes": [],
          "private": "eyJlMmJmYjczMC1lY2FhLTExZTYtOGY4OC0zNDM2M2JjN2M0YzAiOnsiY3JlYXRlIjo2MDAwMDAwMDAwMDAsImRlbGV0ZSI6MTIwMDAwMDAwMDAwMCwidXBkYXRlIjo2MDAwMDAwMDAwMDB9LCJzY2hlbWFfdmVyc2lvbiI6IjEifQ==",
          "dependencies": [
            "aws_subnet.publics",
            "aws_vpc.sherlihy_dot_com",
            "data.aws_availability_zones.available",
            "module.web_server_instance.aws_security_group.sherlihyDotCom_instance",
            "module.web_server_instance.data.aws_ami.sherlihy_dot_com"
          ]
        }
      ]
    },
    {
      "module": "module.web_server_instance[1]",
      "mode": "managed",
      "type": "aws_security_group",
      "name": "sherlihyDotCom_instance",
      "provider": "provider[\"registry.terraform.io/hashicorp/aws\"]",
      "instances": [
        {
          "schema_version": 1,
          "attributes": {
            "arn": "arn:aws:ec2:eu-west-2:111644099040:security-group/sg-055a092d978ded330",
            "description": "Managed by Terraform",
            "egress": [],
            "id": "sg-055a092d978ded330",
            "ingress": [],
            "name": "instance-sherlihyDotCom-subnet-08b051ff0243f0aec",
            "name_prefix": "",
            "owner_id": "111644099040",
            "revoke_rules_on_delete": false,
            "tags": {
              "env": "production",
              "project": "sherlihyDotCom"
            },
            "tags_all": {
              "env": "production",
              "project": "sherlihyDotCom"
            },
            "timeouts": null,
            "vpc_id": "vpc-041b3384ce1f7f648"
          },
          "sensitive_attributes": [],
          "private": "eyJlMmJmYjczMC1lY2FhLTExZTYtOGY4OC0zNDM2M2JjN2M0YzAiOnsiY3JlYXRlIjo2MDAwMDAwMDAwMDAsImRlbGV0ZSI6OTAwMDAwMDAwMDAwfSwic2NoZW1hX3ZlcnNpb24iOiIxIn0=",
          "dependencies": [
            "aws_subnet.publics",
            "aws_vpc.sherlihy_dot_com",
            "data.aws_availability_zones.available"
          ]
        }
      ]
    },
    {
      "module": "module.web_server_instance[1]",
      "mode": "managed",
      "type": "aws_security_group_rule",
      "name": "egress_all_ports",
      "provider": "provider[\"registry.terraform.io/hashicorp/aws\"]",
      "instances": [
        {
          "schema_version": 2,
          "attributes": {
            "cidr_blocks": [
              "0.0.0.0/0"
            ],
            "description": null,
            "from_port": 0,
            "id": "sgrule-14093009",
            "ipv6_cidr_blocks": null,
            "prefix_list_ids": null,
            "protocol": "-1",
            "security_group_id": "sg-055a092d978ded330",
            "security_group_rule_id": "sgr-07af5e7ebbe575f2d",
            "self": false,
            "source_security_group_id": null,
            "timeouts": null,
            "to_port": 0,
            "type": "egress"
          },
          "sensitive_attributes": [],
          "private": "eyJlMmJmYjczMC1lY2FhLTExZTYtOGY4OC0zNDM2M2JjN2M0YzAiOnsiY3JlYXRlIjozMDAwMDAwMDAwMDB9LCJzY2hlbWFfdmVyc2lvbiI6IjIifQ==",
          "dependencies": [
            "aws_subnet.publics",
            "aws_vpc.sherlihy_dot_com",
            "data.aws_availability_zones.available",
            "module.web_server_instance.aws_security_group.sherlihyDotCom_instance"
          ]
        }
      ]
    },
    {
      "module": "module.web_server_instance[1]",
      "mode": "managed",
      "type": "aws_security_group_rule",
      "name": "ingress_port_list",
      "provider": "provider[\"registry.terraform.io/hashicorp/aws\"]",
      "instances": [
        {
          "index_key": 0,
          "schema_version": 2,
          "attributes": {
            "cidr_blocks": [
              "0.0.0.0/0"
            ],
            "description": null,
            "from_port": 80,
            "id": "sgrule-2587836768",
            "ipv6_cidr_blocks": null,
            "prefix_list_ids": null,
            "protocol": "tcp",
            "security_group_id": "sg-055a092d978ded330",
            "security_group_rule_id": "sgr-0809c410fb90080be",
            "self": false,
            "source_security_group_id": null,
            "timeouts": null,
            "to_port": 80,
            "type": "ingress"
          },
          "sensitive_attributes": [],
          "private": "eyJlMmJmYjczMC1lY2FhLTExZTYtOGY4OC0zNDM2M2JjN2M0YzAiOnsiY3JlYXRlIjozMDAwMDAwMDAwMDB9LCJzY2hlbWFfdmVyc2lvbiI6IjIifQ==",
          "dependencies": [
            "aws_subnet.publics",
            "aws_vpc.sherlihy_dot_com",
            "data.aws_availability_zones.available",
            "module.web_server_instance.aws_security_group.sherlihyDotCom_instance"
          ]
        },
        {
          "index_key": 1,
          "schema_version": 2,
          "attributes": {
            "cidr_blocks": [
              "0.0.0.0/0"
            ],
            "description": null,
            "from_port": 443,
            "id": "sgrule-3255165548",
            "ipv6_cidr_blocks": null,
            "prefix_list_ids": null,
            "protocol": "tcp",
            "security_group_id": "sg-055a092d978ded330",
            "security_group_rule_id": "sgr-05dfcdae45eba9b2b",
            "self": false,
            "source_security_group_id": null,
            "timeouts": null,
            "to_port": 443,
            "type": "ingress"
          },
          "sensitive_attributes": [],
          "private": "eyJlMmJmYjczMC1lY2FhLTExZTYtOGY4OC0zNDM2M2JjN2M0YzAiOnsiY3JlYXRlIjozMDAwMDAwMDAwMDB9LCJzY2hlbWFfdmVyc2lvbiI6IjIifQ==",
          "dependencies": [
            "aws_subnet.publics",
            "aws_vpc.sherlihy_dot_com",
            "data.aws_availability_zones.available",
            "module.web_server_instance.aws_security_group.sherlihyDotCom_instance"
          ]
        }
      ]
    }
  ],
  "check_results": null
}
