{"format_version":"1.1","terraform_version":"1.4.5","planned_values":{"outputs":{"bucket_address":{"sensitive":false},"bucket_endpoint":{"sensitive":false},"bucket_id":{"sensitive":false}},"root_module":{"resources":[{"address":"aws_iam_policy.all_s3","mode":"managed","type":"aws_iam_policy","name":"all_s3","provider_name":"registry.terraform.io/hashicorp/aws","schema_version":0,"values":{"arn":"arn:aws:iam::111644099040:policy/terraform-20240114155634241800000001","description":"","id":"arn:aws:iam::111644099040:policy/terraform-20240114155634241800000001","name":"terraform-20240114155634241800000001","name_prefix":"terraform-","path":"/","policy":"{\"Statement\":[{\"Action\":\"*\",\"Effect\":\"Allow\",\"Resource\":\"*\",\"Sid\":\"\"}],\"Version\":\"2012-10-17\"}","policy_id":"ANPART7UBYHQIDNFJEZQK","tags":{},"tags_all":{}},"sensitive_values":{"tags":{},"tags_all":{}}},{"address":"aws_iam_user_policy_attachment.s3_all","mode":"managed","type":"aws_iam_user_policy_attachment","name":"s3_all","provider_name":"registry.terraform.io/hashicorp/aws","schema_version":0,"values":{"id":"sherlihyDotCom-staging-20240114155635727700000002","policy_arn":"arn:aws:iam::111644099040:policy/terraform-20240114155634241800000001","user":"sherlihyDotCom-staging"},"sensitive_values":{}}],"child_modules":[{"address":"module.s3_bucket","child_modules":[{"resources":[{"address":"module.s3_bucket.module.s3_bucket.aws_s3_bucket.sherlihy_dot_com","mode":"managed","type":"aws_s3_bucket","name":"sherlihy_dot_com","provider_name":"registry.terraform.io/hashicorp/aws","schema_version":0,"values":{"bucket_prefix":"sherlihydotcom-stage","force_destroy":false,"tags":{"env":"staging","project":"sherlihyDotCom"},"tags_all":{"env":"staging","project":"sherlihyDotCom"},"timeouts":null},"sensitive_values":{"cors_rule":[],"grant":[],"lifecycle_rule":[],"logging":[],"object_lock_configuration":[],"replication_configuration":[],"server_side_encryption_configuration":[],"tags":{},"tags_all":{},"versioning":[],"website":[]}},{"address":"module.s3_bucket.module.s3_bucket.aws_s3_bucket_acl.sherlihy_dot_com","mode":"managed","type":"aws_s3_bucket_acl","name":"sherlihy_dot_com","provider_name":"registry.terraform.io/hashicorp/aws","schema_version":0,"values":{"acl":"public-read","expected_bucket_owner":null},"sensitive_values":{"access_control_policy":[]}},{"address":"module.s3_bucket.module.s3_bucket.aws_s3_bucket_ownership_controls.sherlihy_dot_com","mode":"managed","type":"aws_s3_bucket_ownership_controls","name":"sherlihy_dot_com","provider_name":"registry.terraform.io/hashicorp/aws","schema_version":0,"values":{"rule":[{"object_ownership":"BucketOwnerPreferred"}]},"sensitive_values":{"rule":[{}]}},{"address":"module.s3_bucket.module.s3_bucket.aws_s3_bucket_policy.sherlihy_dot_com","mode":"managed","type":"aws_s3_bucket_policy","name":"sherlihy_dot_com","provider_name":"registry.terraform.io/hashicorp/aws","schema_version":0,"sensitive_values":{}},{"address":"module.s3_bucket.module.s3_bucket.aws_s3_bucket_public_access_block.sherlihy_dot_com","mode":"managed","type":"aws_s3_bucket_public_access_block","name":"sherlihy_dot_com","provider_name":"registry.terraform.io/hashicorp/aws","schema_version":0,"values":{"block_public_acls":false,"block_public_policy":false,"ignore_public_acls":false,"restrict_public_buckets":false},"sensitive_values":{}},{"address":"module.s3_bucket.module.s3_bucket.aws_s3_bucket_website_configuration.sherlihy_dot_com","mode":"managed","type":"aws_s3_bucket_website_configuration","name":"sherlihy_dot_com","provider_name":"registry.terraform.io/hashicorp/aws","schema_version":0,"values":{"error_document":[],"expected_bucket_owner":null,"index_document":[{"suffix":"index.html"}],"redirect_all_requests_to":[]},"sensitive_values":{"error_document":[],"index_document":[{}],"redirect_all_requests_to":[],"routing_rule":[]}},{"address":"module.s3_bucket.module.s3_bucket.data.aws_iam_policy_document.sherlihy_dot_com","mode":"data","type":"aws_iam_policy_document","name":"sherlihy_dot_com","provider_name":"registry.terraform.io/hashicorp/aws","schema_version":0,"values":{"override_json":null,"override_policy_documents":null,"policy_id":null,"source_json":null,"source_policy_documents":null,"statement":[{"actions":["s3:*"],"condition":[],"effect":null,"not_actions":null,"not_principals":[],"not_resources":null,"principals":[{"identifiers":["*"],"type":"*"}],"resources":[null,null],"sid":null}],"version":null},"sensitive_values":{"statement":[{"actions":[false],"condition":[],"not_principals":[],"principals":[{"identifiers":[false]}],"resources":[false,false]}]}}],"address":"module.s3_bucket.module.s3_bucket"}]}]}},"resource_drift":[{"address":"aws_iam_policy.all_s3","mode":"managed","type":"aws_iam_policy","name":"all_s3","provider_name":"registry.terraform.io/hashicorp/aws","change":{"actions":["update"],"before":{"arn":"arn:aws:iam::111644099040:policy/terraform-20240114155634241800000001","description":"","id":"arn:aws:iam::111644099040:policy/terraform-20240114155634241800000001","name":"terraform-20240114155634241800000001","name_prefix":"terraform-","path":"/","policy":"{\"Statement\":[{\"Action\":\"*\",\"Effect\":\"Allow\",\"Resource\":\"*\",\"Sid\":\"\"}],\"Version\":\"2012-10-17\"}","policy_id":"ANPART7UBYHQIDNFJEZQK","tags":null,"tags_all":{}},"after":{"arn":"arn:aws:iam::111644099040:policy/terraform-20240114155634241800000001","description":"","id":"arn:aws:iam::111644099040:policy/terraform-20240114155634241800000001","name":"terraform-20240114155634241800000001","name_prefix":"terraform-","path":"/","policy":"{\"Statement\":[{\"Action\":\"*\",\"Effect\":\"Allow\",\"Resource\":\"*\",\"Sid\":\"\"}],\"Version\":\"2012-10-17\"}","policy_id":"ANPART7UBYHQIDNFJEZQK","tags":{},"tags_all":{}},"after_unknown":{},"before_sensitive":{"tags_all":{}},"after_sensitive":{"tags":{},"tags_all":{}}}}],"resource_changes":[{"address":"aws_iam_policy.all_s3","mode":"managed","type":"aws_iam_policy","name":"all_s3","provider_name":"registry.terraform.io/hashicorp/aws","change":{"actions":["no-op"],"before":{"arn":"arn:aws:iam::111644099040:policy/terraform-20240114155634241800000001","description":"","id":"arn:aws:iam::111644099040:policy/terraform-20240114155634241800000001","name":"terraform-20240114155634241800000001","name_prefix":"terraform-","path":"/","policy":"{\"Statement\":[{\"Action\":\"*\",\"Effect\":\"Allow\",\"Resource\":\"*\",\"Sid\":\"\"}],\"Version\":\"2012-10-17\"}","policy_id":"ANPART7UBYHQIDNFJEZQK","tags":{},"tags_all":{}},"after":{"arn":"arn:aws:iam::111644099040:policy/terraform-20240114155634241800000001","description":"","id":"arn:aws:iam::111644099040:policy/terraform-20240114155634241800000001","name":"terraform-20240114155634241800000001","name_prefix":"terraform-","path":"/","policy":"{\"Statement\":[{\"Action\":\"*\",\"Effect\":\"Allow\",\"Resource\":\"*\",\"Sid\":\"\"}],\"Version\":\"2012-10-17\"}","policy_id":"ANPART7UBYHQIDNFJEZQK","tags":{},"tags_all":{}},"after_unknown":{},"before_sensitive":{"tags":{},"tags_all":{}},"after_sensitive":{"tags":{},"tags_all":{}}}},{"address":"aws_iam_user_policy_attachment.s3_all","mode":"managed","type":"aws_iam_user_policy_attachment","name":"s3_all","provider_name":"registry.terraform.io/hashicorp/aws","change":{"actions":["no-op"],"before":{"id":"sherlihyDotCom-staging-20240114155635727700000002","policy_arn":"arn:aws:iam::111644099040:policy/terraform-20240114155634241800000001","user":"sherlihyDotCom-staging"},"after":{"id":"sherlihyDotCom-staging-20240114155635727700000002","policy_arn":"arn:aws:iam::111644099040:policy/terraform-20240114155634241800000001","user":"sherlihyDotCom-staging"},"after_unknown":{},"before_sensitive":{},"after_sensitive":{}}},{"address":"module.s3_bucket.module.s3_bucket.data.aws_iam_policy_document.sherlihy_dot_com","module_address":"module.s3_bucket.module.s3_bucket","mode":"data","type":"aws_iam_policy_document","name":"sherlihy_dot_com","provider_name":"registry.terraform.io/hashicorp/aws","change":{"actions":["read"],"before":null,"after":{"override_json":null,"override_policy_documents":null,"policy_id":null,"source_json":null,"source_policy_documents":null,"statement":[{"actions":["s3:*"],"condition":[],"effect":null,"not_actions":null,"not_principals":[],"not_resources":null,"principals":[{"identifiers":["*"],"type":"*"}],"resources":[null,null],"sid":null}],"version":null},"after_unknown":{"id":true,"json":true,"statement":[{"actions":[false],"condition":[],"not_principals":[],"principals":[{"identifiers":[false]}],"resources":[true,true]}]},"before_sensitive":false,"after_sensitive":{"statement":[{"actions":[false],"condition":[],"not_principals":[],"principals":[{"identifiers":[false]}],"resources":[false,false]}]}},"action_reason":"read_because_config_unknown"},{"address":"module.s3_bucket.module.s3_bucket.aws_s3_bucket.sherlihy_dot_com","module_address":"module.s3_bucket.module.s3_bucket","mode":"managed","type":"aws_s3_bucket","name":"sherlihy_dot_com","provider_name":"registry.terraform.io/hashicorp/aws","change":{"actions":["create"],"before":null,"after":{"bucket_prefix":"sherlihydotcom-stage","force_destroy":false,"tags":{"env":"staging","project":"sherlihyDotCom"},"tags_all":{"env":"staging","project":"sherlihyDotCom"},"timeouts":null},"after_unknown":{"acceleration_status":true,"acl":true,"arn":true,"bucket":true,"bucket_domain_name":true,"bucket_regional_domain_name":true,"cors_rule":true,"grant":true,"hosted_zone_id":true,"id":true,"lifecycle_rule":true,"logging":true,"object_lock_configuration":true,"object_lock_enabled":true,"policy":true,"region":true,"replication_configuration":true,"request_payer":true,"server_side_encryption_configuration":true,"tags":{},"tags_all":{},"versioning":true,"website":true,"website_domain":true,"website_endpoint":true},"before_sensitive":false,"after_sensitive":{"cors_rule":[],"grant":[],"lifecycle_rule":[],"logging":[],"object_lock_configuration":[],"replication_configuration":[],"server_side_encryption_configuration":[],"tags":{},"tags_all":{},"versioning":[],"website":[]}}},{"address":"module.s3_bucket.module.s3_bucket.aws_s3_bucket_acl.sherlihy_dot_com","module_address":"module.s3_bucket.module.s3_bucket","mode":"managed","type":"aws_s3_bucket_acl","name":"sherlihy_dot_com","provider_name":"registry.terraform.io/hashicorp/aws","change":{"actions":["create"],"before":null,"after":{"acl":"public-read","expected_bucket_owner":null},"after_unknown":{"access_control_policy":true,"bucket":true,"id":true},"before_sensitive":false,"after_sensitive":{"access_control_policy":[]}}},{"address":"module.s3_bucket.module.s3_bucket.aws_s3_bucket_ownership_controls.sherlihy_dot_com","module_address":"module.s3_bucket.module.s3_bucket","mode":"managed","type":"aws_s3_bucket_ownership_controls","name":"sherlihy_dot_com","provider_name":"registry.terraform.io/hashicorp/aws","change":{"actions":["create"],"before":null,"after":{"rule":[{"object_ownership":"BucketOwnerPreferred"}]},"after_unknown":{"bucket":true,"id":true,"rule":[{}]},"before_sensitive":false,"after_sensitive":{"rule":[{}]}}},{"address":"module.s3_bucket.module.s3_bucket.aws_s3_bucket_policy.sherlihy_dot_com","module_address":"module.s3_bucket.module.s3_bucket","mode":"managed","type":"aws_s3_bucket_policy","name":"sherlihy_dot_com","provider_name":"registry.terraform.io/hashicorp/aws","change":{"actions":["create"],"before":null,"after":{},"after_unknown":{"bucket":true,"id":true,"policy":true},"before_sensitive":false,"after_sensitive":{}}},{"address":"module.s3_bucket.module.s3_bucket.aws_s3_bucket_public_access_block.sherlihy_dot_com","module_address":"module.s3_bucket.module.s3_bucket","mode":"managed","type":"aws_s3_bucket_public_access_block","name":"sherlihy_dot_com","provider_name":"registry.terraform.io/hashicorp/aws","change":{"actions":["create"],"before":null,"after":{"block_public_acls":false,"block_public_policy":false,"ignore_public_acls":false,"restrict_public_buckets":false},"after_unknown":{"bucket":true,"id":true},"before_sensitive":false,"after_sensitive":{}}},{"address":"module.s3_bucket.module.s3_bucket.aws_s3_bucket_website_configuration.sherlihy_dot_com","module_address":"module.s3_bucket.module.s3_bucket","mode":"managed","type":"aws_s3_bucket_website_configuration","name":"sherlihy_dot_com","provider_name":"registry.terraform.io/hashicorp/aws","change":{"actions":["create"],"before":null,"after":{"error_document":[],"expected_bucket_owner":null,"index_document":[{"suffix":"index.html"}],"redirect_all_requests_to":[]},"after_unknown":{"bucket":true,"error_document":[],"id":true,"index_document":[{}],"redirect_all_requests_to":[],"routing_rule":true,"routing_rules":true,"website_domain":true,"website_endpoint":true},"before_sensitive":false,"after_sensitive":{"error_document":[],"index_document":[{}],"redirect_all_requests_to":[],"routing_rule":[]}}}],"output_changes":{"bucket_address":{"actions":["create"],"before":null,"after_unknown":true,"before_sensitive":false,"after_sensitive":false},"bucket_endpoint":{"actions":["create"],"before":null,"after_unknown":true,"before_sensitive":false,"after_sensitive":false},"bucket_id":{"actions":["create"],"before":null,"after_unknown":true,"before_sensitive":false,"after_sensitive":false}},"prior_state":{"format_version":"1.0","terraform_version":"1.4.5","values":{"root_module":{"resources":[{"address":"data.aws_iam_policy_document.all_s3","mode":"data","type":"aws_iam_policy_document","name":"all_s3","provider_name":"registry.terraform.io/hashicorp/aws","schema_version":0,"values":{"id":"784443208","json":"{\n  \"Version\": \"2012-10-17\",\n  \"Statement\": [\n    {\n      \"Sid\": \"\",\n      \"Effect\": \"Allow\",\n      \"Action\": \"*\",\n      \"Resource\": \"*\"\n    }\n  ]\n}","override_json":null,"override_policy_documents":null,"policy_id":null,"source_json":null,"source_policy_documents":null,"statement":[{"actions":["*"],"condition":[],"effect":"Allow","not_actions":[],"not_principals":[],"not_resources":[],"principals":[],"resources":["*"],"sid":""}],"version":"2012-10-17"},"sensitive_values":{"statement":[{"actions":[false],"condition":[],"not_actions":[],"not_principals":[],"not_resources":[],"principals":[],"resources":[false]}]}},{"address":"data.aws_iam_user.stage_admin","mode":"data","type":"aws_iam_user","name":"stage_admin","provider_name":"registry.terraform.io/hashicorp/aws","schema_version":0,"values":{"arn":"arn:aws:iam::111644099040:user/sherlihyDotCom-staging","id":"AIDART7UBYHQNKF4YQLYW","path":"/","permissions_boundary":"","tags":{"env":"staging","project":"sherlihyDotCom"},"user_id":"AIDART7UBYHQNKF4YQLYW","user_name":"sherlihyDotCom-staging"},"sensitive_values":{"tags":{}}},{"address":"aws_iam_policy.all_s3","mode":"managed","type":"aws_iam_policy","name":"all_s3","provider_name":"registry.terraform.io/hashicorp/aws","schema_version":0,"values":{"arn":"arn:aws:iam::111644099040:policy/terraform-20240114155634241800000001","description":"","id":"arn:aws:iam::111644099040:policy/terraform-20240114155634241800000001","name":"terraform-20240114155634241800000001","name_prefix":"terraform-","path":"/","policy":"{\"Statement\":[{\"Action\":\"*\",\"Effect\":\"Allow\",\"Resource\":\"*\",\"Sid\":\"\"}],\"Version\":\"2012-10-17\"}","policy_id":"ANPART7UBYHQIDNFJEZQK","tags":{},"tags_all":{}},"sensitive_values":{"tags":{},"tags_all":{}},"depends_on":["data.aws_iam_policy_document.all_s3"]},{"address":"aws_iam_user_policy_attachment.s3_all","mode":"managed","type":"aws_iam_user_policy_attachment","name":"s3_all","provider_name":"registry.terraform.io/hashicorp/aws","schema_version":0,"values":{"id":"sherlihyDotCom-staging-20240114155635727700000002","policy_arn":"arn:aws:iam::111644099040:policy/terraform-20240114155634241800000001","user":"sherlihyDotCom-staging"},"sensitive_values":{},"depends_on":["aws_iam_policy.all_s3","data.aws_iam_policy_document.all_s3","data.aws_iam_user.stage_admin"]}]}}},"configuration":{"provider_config":{"aws":{"name":"aws","full_name":"registry.terraform.io/hashicorp/aws","version_constraint":"~\u003e 4.16","expressions":{"profile":{"references":["local.profile"]},"region":{"constant_value":"us-east-1"}}},"module.s3_bucket:aws":{"name":"aws","full_name":"registry.terraform.io/hashicorp/aws","version_constraint":"~\u003e 4.16","module_address":"module.s3_bucket","expressions":{"profile":{"references":["var.profile"]},"region":{"constant_value":"eu-west-2"}}}},"root_module":{"outputs":{"bucket_address":{"expression":{"references":["module.s3_bucket.web_domain","module.s3_bucket"]}},"bucket_endpoint":{"expression":{"references":["module.s3_bucket.web_endpoint","module.s3_bucket"]}},"bucket_id":{"expression":{"references":["module.s3_bucket.bucket_id","module.s3_bucket"]}}},"resources":[{"address":"aws_iam_policy.all_s3","mode":"managed","type":"aws_iam_policy","name":"all_s3","provider_config_key":"aws","expressions":{"policy":{"references":["data.aws_iam_policy_document.all_s3.json","data.aws_iam_policy_document.all_s3"]}},"schema_version":0},{"address":"aws_iam_user_policy_attachment.s3_all","mode":"managed","type":"aws_iam_user_policy_attachment","name":"s3_all","provider_config_key":"aws","expressions":{"policy_arn":{"references":["aws_iam_policy.all_s3.arn","aws_iam_policy.all_s3"]},"user":{"references":["data.aws_iam_user.stage_admin.user_name","data.aws_iam_user.stage_admin"]}},"schema_version":0},{"address":"data.aws_iam_policy_document.all_s3","mode":"data","type":"aws_iam_policy_document","name":"all_s3","provider_config_key":"aws","expressions":{"statement":[{"actions":{"constant_value":["*"]},"effect":{"constant_value":"Allow"},"resources":{"constant_value":["*"]}}]},"schema_version":0},{"address":"data.aws_iam_user.stage_admin","mode":"data","type":"aws_iam_user","name":"stage_admin","provider_config_key":"aws","expressions":{"user_name":{"references":["local.profile"]}},"schema_version":0}],"module_calls":{"s3_bucket":{"source":"./s3_bucket","expressions":{"profile":{"references":["local.profile"]},"resource_tags":{"references":["local.resource_tags"]}},"module":{"outputs":{"bucket_id":{"expression":{"references":["module.s3_bucket.bucket_id","module.s3_bucket"]}},"web_domain":{"expression":{"references":["module.s3_bucket.web_domain","module.s3_bucket"]}},"web_endpoint":{"expression":{"references":["module.s3_bucket.web_endpoint","module.s3_bucket"]}}},"module_calls":{"s3_bucket":{"source":"../../../modules/s3_bucket","expressions":{"bucket_prefix":{"constant_value":"sherlihydotcom-stage"},"resource_tags":{"references":["var.resource_tags"]}},"module":{"outputs":{"bucket_id":{"expression":{"references":["aws_s3_bucket.sherlihy_dot_com.id","aws_s3_bucket.sherlihy_dot_com"]}},"domain_name":{"expression":{"references":["aws_s3_bucket.sherlihy_dot_com.bucket_regional_domain_name","aws_s3_bucket.sherlihy_dot_com"]}},"web_domain":{"expression":{"references":["aws_s3_bucket_website_configuration.sherlihy_dot_com.website_domain","aws_s3_bucket_website_configuration.sherlihy_dot_com"]}},"web_endpoint":{"expression":{"references":["aws_s3_bucket_website_configuration.sherlihy_dot_com.website_endpoint","aws_s3_bucket_website_configuration.sherlihy_dot_com"]}},"zone_id":{"expression":{"references":["aws_s3_bucket.sherlihy_dot_com.hosted_zone_id","aws_s3_bucket.sherlihy_dot_com"]}}},"resources":[{"address":"aws_s3_bucket.sherlihy_dot_com","mode":"managed","type":"aws_s3_bucket","name":"sherlihy_dot_com","provider_config_key":"module.s3_bucket:aws","expressions":{"bucket_prefix":{"references":["var.bucket_prefix"]},"tags":{"references":["var.resource_tags"]}},"schema_version":0},{"address":"aws_s3_bucket_acl.sherlihy_dot_com","mode":"managed","type":"aws_s3_bucket_acl","name":"sherlihy_dot_com","provider_config_key":"module.s3_bucket:aws","expressions":{"acl":{"constant_value":"public-read"},"bucket":{"references":["aws_s3_bucket.sherlihy_dot_com.id","aws_s3_bucket.sherlihy_dot_com"]}},"schema_version":0,"depends_on":["aws_s3_bucket_ownership_controls.sherlihy_dot_com","aws_s3_bucket_public_access_block.sherlihy_dot_com"]},{"address":"aws_s3_bucket_ownership_controls.sherlihy_dot_com","mode":"managed","type":"aws_s3_bucket_ownership_controls","name":"sherlihy_dot_com","provider_config_key":"module.s3_bucket:aws","expressions":{"bucket":{"references":["aws_s3_bucket.sherlihy_dot_com.id","aws_s3_bucket.sherlihy_dot_com"]},"rule":[{"object_ownership":{"constant_value":"BucketOwnerPreferred"}}]},"schema_version":0},{"address":"aws_s3_bucket_policy.sherlihy_dot_com","mode":"managed","type":"aws_s3_bucket_policy","name":"sherlihy_dot_com","provider_config_key":"module.s3_bucket:aws","expressions":{"bucket":{"references":["aws_s3_bucket_public_access_block.sherlihy_dot_com.id","aws_s3_bucket_public_access_block.sherlihy_dot_com"]},"policy":{"references":["data.aws_iam_policy_document.sherlihy_dot_com.json","data.aws_iam_policy_document.sherlihy_dot_com"]}},"schema_version":0},{"address":"aws_s3_bucket_public_access_block.sherlihy_dot_com","mode":"managed","type":"aws_s3_bucket_public_access_block","name":"sherlihy_dot_com","provider_config_key":"module.s3_bucket:aws","expressions":{"block_public_acls":{"constant_value":false},"block_public_policy":{"constant_value":false},"bucket":{"references":["aws_s3_bucket.sherlihy_dot_com.id","aws_s3_bucket.sherlihy_dot_com"]},"ignore_public_acls":{"constant_value":false},"restrict_public_buckets":{"constant_value":false}},"schema_version":0},{"address":"aws_s3_bucket_website_configuration.sherlihy_dot_com","mode":"managed","type":"aws_s3_bucket_website_configuration","name":"sherlihy_dot_com","provider_config_key":"module.s3_bucket:aws","expressions":{"bucket":{"references":["aws_s3_bucket.sherlihy_dot_com.id","aws_s3_bucket.sherlihy_dot_com"]},"index_document":[{"suffix":{"constant_value":"index.html"}}]},"schema_version":0,"depends_on":["aws_s3_bucket_policy.sherlihy_dot_com"]},{"address":"data.aws_iam_policy_document.sherlihy_dot_com","mode":"data","type":"aws_iam_policy_document","name":"sherlihy_dot_com","provider_config_key":"module.s3_bucket:aws","expressions":{"statement":[{"actions":{"constant_value":["s3:*"]},"principals":[{"identifiers":{"constant_value":["*"]},"type":{"constant_value":"*"}}],"resources":{"references":["aws_s3_bucket.sherlihy_dot_com.arn","aws_s3_bucket.sherlihy_dot_com","aws_s3_bucket.sherlihy_dot_com.arn","aws_s3_bucket.sherlihy_dot_com"]}}]},"schema_version":0}],"variables":{"bucket_prefix":{},"resource_tags":{}}}}},"variables":{"profile":{},"resource_tags":{}}}}}}},"relevant_attributes":[{"resource":"module.s3_bucket.module.s3_bucket.aws_s3_bucket.sherlihy_dot_com","attribute":["id"]},{"resource":"module.s3_bucket.module.s3_bucket.aws_s3_bucket_public_access_block.sherlihy_dot_com","attribute":["id"]},{"resource":"module.s3_bucket.module.s3_bucket.data.aws_iam_policy_document.sherlihy_dot_com","attribute":["json"]},{"resource":"module.s3_bucket.module.s3_bucket.aws_s3_bucket.sherlihy_dot_com","attribute":["hosted_zone_id"]},{"resource":"module.s3_bucket.module.s3_bucket.aws_s3_bucket.sherlihy_dot_com","attribute":["bucket_regional_domain_name"]},{"resource":"module.s3_bucket.module.s3_bucket.aws_s3_bucket_website_configuration.sherlihy_dot_com","attribute":["website_domain"]},{"resource":"module.s3_bucket.module.s3_bucket.aws_s3_bucket_website_configuration.sherlihy_dot_com","attribute":["website_endpoint"]},{"resource":"module.s3_bucket.module.s3_bucket.aws_s3_bucket.sherlihy_dot_com","attribute":["arn"]}]}
